PODS:
  - Alamofire (5.4.1)
  - Bond (7.8.1):
    - Differ (~> 1.4)
    - ReactiveKit (~> 3.14)
  - CocoaLumberjack/Core (3.7.0)
  - CocoaLumberjack/Swift (3.7.0):
    - CocoaLumberjack/Core
  - Differ (1.4.5)
  - KWDrawerController (4.2):
    - KWDrawerController/Core (= 4.2)
  - KWDrawerController/Core (4.2)
  - KWDrawerController/RxSwift (4.2):
    - KWDrawerController/Core
    - RxCocoa (>= 4.0.0)
    - RxSwift (>= 4.0.0)
  - lottie-ios (3.2.0)
  - PromiseKit (6.13.1):
    - PromiseKit/CorePromise (= 6.13.1)
    - PromiseKit/Foundation (= 6.13.1)
    - PromiseKit/UIKit (= 6.13.1)
  - PromiseKit/CorePromise (6.13.1)
  - PromiseKit/Foundation (6.13.1):
    - PromiseKit/CorePromise
  - PromiseKit/UIKit (6.13.1):
    - PromiseKit/CorePromise
  - ReactiveKit (3.17.4)
  - RxCocoa (6.0.0):
    - RxRelay (= 6.0.0)
    - RxSwift (= 6.0.0)
  - RxRelay (6.0.0):
    - RxSwift (= 6.0.0)
  - RxSwift (6.0.0)
  - SwiftyJSON (5.0.0)

DEPENDENCIES:
  - Alamofire (~> 5.1)
  - Bond
  - CocoaLumberjack/Swift
  - KWDrawerController (~> 4.2)
  - KWDrawerController/RxSwift
  - lottie-ios
  - PromiseKit (~> 6.8)
  - RxSwift
  - SwiftyJSON

SPEC REPOS:
  trunk:
    - Alamofire
    - Bond
    - CocoaLumberjack
    - Differ
    - KWDrawerController
    - lottie-ios
    - PromiseKit
    - ReactiveKit
    - RxCocoa
    - RxRelay
    - RxSwift
    - SwiftyJSON

SPEC CHECKSUMS:
  Alamofire: 2291f7d21ca607c491dd17642e5d40fdcda0e65c
  Bond: 87075c7f20f37ea3e73dc7057fce839787bf46eb
  CocoaLumberjack: e8955b9d337ac307103b0a34fd141c32f27e53c5
  Differ: 3b6bd78e2b20cc795d9a86f7641d087524e4273e
  KWDrawerController: 244ecb42378bd13a56826458647b76758db5cb67
  lottie-ios: b6b911246246a90a1d25e7388afe6d9ef003d293
  PromiseKit: 28fda91c973cc377875d8c0ea4f973013c05b6db
  ReactiveKit: f9f9e079efa39312c597bf1508ef4810d111ce76
  RxCocoa: 3f79328fafa3645b34600f37c31e64c73ae3a80e
  RxRelay: 8d593be109c06ea850df027351beba614b012ffb
  RxSwift: c14e798c59b9f6e9a2df8fd235602e85cc044295
  SwiftyJSON: 36413e04c44ee145039d332b4f4e2d3e8d6c4db7

PODFILE CHECKSUM: 3570d86978975261e0be806d7546d1e926345963

COCOAPODS: 1.9.3
